
Microsoft Visual Studio Solution File, Format Version 12.00
# Visual Studio 15
VisualStudioVersion = 15.0.28010.2046
MinimumVisualStudioVersion = 10.0.40219.1
Project("{FAE04EC0-301F-11D3-BF4B-00C04F79EFBC}") = "ProjectWebApp", "ProjectWebApp\ProjectWebApp.csproj", "{D5291527-4C7D-40AD-BBE7-A7BA84F17DE3}"
EndProject
Global
	GlobalSection(SolutionConfigurationPlatforms) = preSolution
		Debug|Any CPU = Debug|Any CPU
		Release|Any CPU = Release|Any CPU
		Description = Desarrollo De Plataforma Web de Gestion de Casos y Denuncias de Empresa de Abogados LexAbogados
	EndGlobalSection
	GlobalSection(ProjectConfigurationPlatforms) = postSolution
		{D5291527-4C7D-40AD-BBE7-A7BA84F17DE3}.Debug|Any CPU.ActiveCfg = Debug|Any CPU
		{D5291527-4C7D-40AD-BBE7-A7BA84F17DE3}.Debug|Any CPU.Build.0 = Debug|Any CPU
		{D5291527-4C7D-40AD-BBE7-A7BA84F17DE3}.Release|Any CPU.ActiveCfg = Release|Any CPU
		{D5291527-4C7D-40AD-BBE7-A7BA84F17DE3}.Release|Any CPU.Build.0 = Release|Any CPU
	EndGlobalSection
	GlobalSection(SolutionProperties) = preSolution
		HideSolutionNode = FALSE
	EndGlobalSection
	GlobalSection(ExtensibilityGlobals) = postSolution
		SolutionGuid = {E46CC8E9-9FB4-4BB3-A902-E24D51565EB1}
	EndGlobalSection
EndGlobal
